PODS:
  - Bolts-Swift (1.3.0)
  - Bolts/Tasks (1.8.4)
  - Firebase/AdMob (3.16.0):
    - Firebase/Core
    - Google-Mobile-Ads-SDK (= 7.19.1)
  - Firebase/Core (3.16.0):
    - FirebaseAnalytics (= 3.8.0)
    - FirebaseCore (= 3.6.0)
  - FirebaseAnalytics (3.8.0):
    - FirebaseCore (~> 3.6)
    - FirebaseInstanceID (~> 1.0)
    - GoogleToolboxForMac/NSData+zlib (~> 2.1)
  - FirebaseCore (3.6.0):
    - GoogleToolboxForMac/NSData+zlib (~> 2.1)
  - FirebaseInstanceID (1.0.10):
    - FirebaseCore (~> 3.6)
  - Google-Mobile-Ads-SDK (7.19.1)
  - GoogleToolboxForMac/Defines (2.1.1)
  - GoogleToolboxForMac/NSData+zlib (2.1.1):
    - GoogleToolboxForMac/Defines (= 2.1.1)
  - JSQMessagesViewController (7.3.4):
    - JSQSystemSoundPlayer (~> 2.0.1)
  - JSQSystemSoundPlayer (2.0.1)
  - Parse (1.14.4):
    - Bolts/Tasks (~> 1.8)
  - ParseLiveQuery (2.0.0):
    - Bolts-Swift (~> 1.3)
    - Parse (~> 1.14.2)
    - Starscream (= 2.0.3)
  - Spring (1.0.3)
  - Starscream (2.0.3)
  - SwiftyStoreKit (0.8.6)

DEPENDENCIES:
  - Firebase/AdMob
  - Firebase/Core
  - JSQMessagesViewController
  - ParseLiveQuery
  - Spring (from `https://github.com/MengTo/Spring.git`, branch `swift3`)
  - SwiftyStoreKit

EXTERNAL SOURCES:
  Spring:
    :branch: swift3
    :git: https://github.com/MengTo/Spring.git

CHECKOUT OPTIONS:
  Spring:
    :commit: 8201b5c93bd7ebdf4cd18160bcde1e6e88c2be64
    :git: https://github.com/MengTo/Spring.git

SPEC CHECKSUMS:
  Bolts: 8a7995239dbe724f9cba2248b766d48b7ebdd322
  Bolts-Swift: fa98d1b59fc1acea9b21a21306dcdca1c85e3737
  Firebase: 21bf4a89d3f01bfbe11adc3a5d934a4a3d3a5fd6
  FirebaseAnalytics: 920e46455f27b0a52a80907a6d9b73ee4bd1c635
  FirebaseCore: 9691ee2ade70c098d7cf92440f4303f16d83ca75
  FirebaseInstanceID: b9eedd6846fb5e1f0f7279e1deaa7a7e4cf8392e
  Google-Mobile-Ads-SDK: 43ac87810e4961f5093024d3525bfe022f956da3
  GoogleToolboxForMac: 8e329f1b599f2512c6b10676d45736bcc2cbbeb0
  JSQMessagesViewController: 39fed975e3c9f8eba7292071e29eeb541d105e66
  JSQSystemSoundPlayer: c5850e77a4363ffd374cd851154b9af93264ed8d
  Parse: b0aa91d2c435e53d4a9af26e741e014c9b35c42e
  ParseLiveQuery: 38fb42e4b8611ecfcb199d47e48aeaf6879f8560
  Spring: 3f02b5dc3308572ef177b3cad0fa7bbc4b0706f7
  Starscream: 3fdd5c277e57cca6b5c406d274e3f34a7c88f2ce
  SwiftyStoreKit: 3cd98b53dc4ab9fd33c1023a8eae38225ebae312

PODFILE CHECKSUM: 70d61ed81a1b4683efb0d2df0c059d22cb6981b6

COCOAPODS: 1.2.1
