// !$*UTF8*$!
{
	archiveVersion = 1;
	classes = {
	};
	objectVersion = 46;
	objects = {

/* Begin PBXBuildFile section */
		814C3ACA1B69877600E307BB /* Main.storyboard in Resources */ = {isa = PBXBuildFile; fileRef = 814C3AC61B69877600E307BB /* Main.storyboard */; };
		814C3ACB1B69877600E307BB /* Images.xcassets in Resources */ = {isa = PBXBuildFile; fileRef = 814C3AC81B69877600E307BB /* Images.xcassets */; };
		81BA814B1A49DA1800E65899 /* AppDelegate.swift in Sources */ = {isa = PBXBuildFile; fileRef = 81BA814A1A49DA1800E65899 /* AppDelegate.swift */; };
		81BA814D1A49DA1800E65899 /* ViewController.swift in Sources */ = {isa = PBXBuildFile; fileRef = 81BA814C1A49DA1800E65899 /* ViewController.swift */; };
		81BA81701A49DB6800E65899 /* Bolts.framework in Frameworks */ = {isa = PBXBuildFile; fileRef = 81BA816B1A49DB6800E65899 /* Bolts.framework */; };
		81BA81711A49DB6800E65899 /* Parse.framework in Frameworks */ = {isa = PBXBuildFile; fileRef = 81BA816C1A49DB6800E65899 /* Parse.framework */; };
		81BA81771A49E0D500E65899 /* libsqlite3.dylib in Frameworks */ = {isa = PBXBuildFile; fileRef = 81BA81761A49E0D500E65899 /* libsqlite3.dylib */; };
		81BA81791A49E0DB00E65899 /* AudioToolbox.framework in Frameworks */ = {isa = PBXBuildFile; fileRef = 81BA81781A49E0DB00E65899 /* AudioToolbox.framework */; };
		81BA817B1A49E0E500E65899 /* SystemConfiguration.framework in Frameworks */ = {isa = PBXBuildFile; fileRef = 81BA817A1A49E0E500E65899 /* SystemConfiguration.framework */; };
		81BA817F1A49E0F000E65899 /* libstdc++.6.dylib in Frameworks */ = {isa = PBXBuildFile; fileRef = 81BA817E1A49E0F000E65899 /* libstdc++.6.dylib */; };
		A82C914F081165F40870C495 /* Pods_ParseStarterProject_Swift.framework in Frameworks */ = {isa = PBXBuildFile; fileRef = AD8062C7FF338BC70799BCB2 /* Pods_ParseStarterProject_Swift.framework */; };
		B70BE63D1EAE9ED600A6729F /* GADViewController.swift in Sources */ = {isa = PBXBuildFile; fileRef = B70BE63C1EAE9ED600A6729F /* GADViewController.swift */; };
		B70BE63F1EAEA29500A6729F /* GoogleService-Info.plist in Resources */ = {isa = PBXBuildFile; fileRef = B70BE63E1EAEA29500A6729F /* GoogleService-Info.plist */; };
		B71402071EAA8030008E6CFB /* ProfileViewController.swift in Sources */ = {isa = PBXBuildFile; fileRef = B71402061EAA8030008E6CFB /* ProfileViewController.swift */; };
		B77452C81EC0C3D100E096D1 /* Authentication.swift in Sources */ = {isa = PBXBuildFile; fileRef = B77452C71EC0C3D100E096D1 /* Authentication.swift */; };
		B77452CA1EC0DCA300E096D1 /* Database.swift in Sources */ = {isa = PBXBuildFile; fileRef = B77452C91EC0DCA300E096D1 /* Database.swift */; };
		B77452CC1EC0E0A400E096D1 /* Constants.swift in Sources */ = {isa = PBXBuildFile; fileRef = B77452CB1EC0E0A400E096D1 /* Constants.swift */; };
		B77452CF1EC0EADF00E096D1 /* Member.swift in Sources */ = {isa = PBXBuildFile; fileRef = B77452CE1EC0EADF00E096D1 /* Member.swift */; };
		B778BBDF1EBCD416002EE330 /* StoreKit.framework in Frameworks */ = {isa = PBXBuildFile; fileRef = B778BBDE1EBCD416002EE330 /* StoreKit.framework */; };
		B7C829181EBE877500EFE93D /* shop-7.png in Resources */ = {isa = PBXBuildFile; fileRef = B7C829171EBE877500EFE93D /* shop-7.png */; };
		B7C8291A1EBE878700EFE93D /* shopping-cart-7.png in Resources */ = {isa = PBXBuildFile; fileRef = B7C829191EBE878700EFE93D /* shopping-cart-7.png */; };
		B7D9CE3D1EBB83E2007236A7 /* Contents.json in Resources */ = {isa = PBXBuildFile; fileRef = B7D9CE291EBB83E2007236A7 /* Contents.json */; };
		B7D9CE3E1EBB83E2007236A7 /* Icon-App-20x20@1x.png in Resources */ = {isa = PBXBuildFile; fileRef = B7D9CE2A1EBB83E2007236A7 /* Icon-App-20x20@1x.png */; };
		B7D9CE3F1EBB83E2007236A7 /* Icon-App-20x20@2x.png in Resources */ = {isa = PBXBuildFile; fileRef = B7D9CE2B1EBB83E2007236A7 /* Icon-App-20x20@2x.png */; };
		B7D9CE401EBB83E2007236A7 /* Icon-App-20x20@3x.png in Resources */ = {isa = PBXBuildFile; fileRef = B7D9CE2C1EBB83E2007236A7 /* Icon-App-20x20@3x.png */; };
		B7D9CE411EBB83E2007236A7 /* Icon-App-29x29@1x.png in Resources */ = {isa = PBXBuildFile; fileRef = B7D9CE2D1EBB83E2007236A7 /* Icon-App-29x29@1x.png */; };
		B7D9CE421EBB83E2007236A7 /* Icon-App-29x29@2x.png in Resources */ = {isa = PBXBuildFile; fileRef = B7D9CE2E1EBB83E2007236A7 /* Icon-App-29x29@2x.png */; };
		B7D9CE431EBB83E2007236A7 /* Icon-App-29x29@3x.png in Resources */ = {isa = PBXBuildFile; fileRef = B7D9CE2F1EBB83E2007236A7 /* Icon-App-29x29@3x.png */; };
		B7D9CE441EBB83E2007236A7 /* Icon-App-40x40@1x.png in Resources */ = {isa = PBXBuildFile; fileRef = B7D9CE301EBB83E2007236A7 /* Icon-App-40x40@1x.png */; };
		B7D9CE451EBB83E2007236A7 /* Icon-App-40x40@2x.png in Resources */ = {isa = PBXBuildFile; fileRef = B7D9CE311EBB83E2007236A7 /* Icon-App-40x40@2x.png */; };
		B7D9CE461EBB83E2007236A7 /* Icon-App-40x40@3x.png in Resources */ = {isa = PBXBuildFile; fileRef = B7D9CE321EBB83E2007236A7 /* Icon-App-40x40@3x.png */; };
		B7D9CE471EBB83E2007236A7 /* Icon-App-57x57@1x.png in Resources */ = {isa = PBXBuildFile; fileRef = B7D9CE331EBB83E2007236A7 /* Icon-App-57x57@1x.png */; };
		B7D9CE481EBB83E2007236A7 /* Icon-App-57x57@2x.png in Resources */ = {isa = PBXBuildFile; fileRef = B7D9CE341EBB83E2007236A7 /* Icon-App-57x57@2x.png */; };
		B7D9CE491EBB83E2007236A7 /* Icon-App-57x57@3x.png in Resources */ = {isa = PBXBuildFile; fileRef = B7D9CE351EBB83E2007236A7 /* Icon-App-57x57@3x.png */; };
		B7D9CE4A1EBB83E2007236A7 /* Icon-App-60x60@1x.png in Resources */ = {isa = PBXBuildFile; fileRef = B7D9CE361EBB83E2007236A7 /* Icon-App-60x60@1x.png */; };
		B7D9CE4B1EBB83E2007236A7 /* Icon-App-60x60@2x.png in Resources */ = {isa = PBXBuildFile; fileRef = B7D9CE371EBB83E2007236A7 /* Icon-App-60x60@2x.png */; };
		B7D9CE4C1EBB83E2007236A7 /* Icon-App-60x60@3x.png in Resources */ = {isa = PBXBuildFile; fileRef = B7D9CE381EBB83E2007236A7 /* Icon-App-60x60@3x.png */; };
		B7D9CE4D1EBB83E2007236A7 /* Icon-App-76x76@1x.png in Resources */ = {isa = PBXBuildFile; fileRef = B7D9CE391EBB83E2007236A7 /* Icon-App-76x76@1x.png */; };
		B7D9CE4E1EBB83E2007236A7 /* Icon-App-76x76@2x.png in Resources */ = {isa = PBXBuildFile; fileRef = B7D9CE3A1EBB83E2007236A7 /* Icon-App-76x76@2x.png */; };
		B7D9CE4F1EBB83E2007236A7 /* Icon-App-76x76@3x.png in Resources */ = {isa = PBXBuildFile; fileRef = B7D9CE3B1EBB83E2007236A7 /* Icon-App-76x76@3x.png */; };
		B7D9CE501EBB83E2007236A7 /* Icon-App-83.5x83.5@2x.png in Resources */ = {isa = PBXBuildFile; fileRef = B7D9CE3C1EBB83E2007236A7 /* Icon-App-83.5x83.5@2x.png */; };
		B7D9CE521EBB84D0007236A7 /* Launch Screen.storyboard in Resources */ = {isa = PBXBuildFile; fileRef = B7D9CE511EBB84D0007236A7 /* Launch Screen.storyboard */; };
		B7D9CE541EBB8777007236A7 /* couple_4.jpg in Resources */ = {isa = PBXBuildFile; fileRef = B7D9CE531EBB8777007236A7 /* couple_4.jpg */; };
		B7E5A3E01EB27CAE007E9620 /* 011.png in Resources */ = {isa = PBXBuildFile; fileRef = B7E5A3DF1EB27CAE007E9620 /* 011.png */; };
		B7E5A3E81EB28056007E9620 /* heart-7.png in Resources */ = {isa = PBXBuildFile; fileRef = B7E5A3E71EB28056007E9620 /* heart-7.png */; };
		B7E5A3EA1EB28066007E9620 /* message-7.png in Resources */ = {isa = PBXBuildFile; fileRef = B7E5A3E91EB28066007E9620 /* message-7.png */; };
		B7E5A3EC1EB28081007E9620 /* pin-map-7.png in Resources */ = {isa = PBXBuildFile; fileRef = B7E5A3EB1EB28081007E9620 /* pin-map-7.png */; };
		B7E5A3EE1EB280DF007E9620 /* earth-america-7.png in Resources */ = {isa = PBXBuildFile; fileRef = B7E5A3ED1EB280DF007E9620 /* earth-america-7.png */; };
		B7E5A3F01EB28190007E9620 /* list-simple-star-7.png in Resources */ = {isa = PBXBuildFile; fileRef = B7E5A3EF1EB28190007E9620 /* list-simple-star-7.png */; };
		B7E5A3F21EB2878C007E9620 /* write-simple-7.png in Resources */ = {isa = PBXBuildFile; fileRef = B7E5A3F11EB2878C007E9620 /* write-simple-7.png */; };
		B7E5A3F41EB287C7007E9620 /* thumb-up-7.png in Resources */ = {isa = PBXBuildFile; fileRef = B7E5A3F31EB287C7007E9620 /* thumb-up-7.png */; };
		B7E5A3F61EB287E1007E9620 /* star-7.png in Resources */ = {isa = PBXBuildFile; fileRef = B7E5A3F51EB287E1007E9620 /* star-7.png */; };
		B7E5A3F81EB28826007E9620 /* photos-simple-7.png in Resources */ = {isa = PBXBuildFile; fileRef = B7E5A3F71EB28826007E9620 /* photos-simple-7.png */; };
		B7E5A3FA1EB28830007E9620 /* photo-7.png in Resources */ = {isa = PBXBuildFile; fileRef = B7E5A3F91EB28830007E9620 /* photo-7.png */; };
		B7E5A3FC1EB288CB007E9620 /* gear-7.png in Resources */ = {isa = PBXBuildFile; fileRef = B7E5A3FB1EB288CB007E9620 /* gear-7.png */; };
		B7E5A3FF1EB2890C007E9620 /* emoticon-sad-7.png in Resources */ = {isa = PBXBuildFile; fileRef = B7E5A3FD1EB2890C007E9620 /* emoticon-sad-7.png */; };
		B7E5A4001EB2890C007E9620 /* emoticon-smile-7.png in Resources */ = {isa = PBXBuildFile; fileRef = B7E5A3FE1EB2890C007E9620 /* emoticon-smile-7.png */; };
		B7E5A4021EB28926007E9620 /* crown-7.png in Resources */ = {isa = PBXBuildFile; fileRef = B7E5A4011EB28926007E9620 /* crown-7.png */; };
		B7E5A4041EB2893E007E9620 /* circle-x-7.png in Resources */ = {isa = PBXBuildFile; fileRef = B7E5A4031EB2893E007E9620 /* circle-x-7.png */; };
		B7E5A4061EB28978007E9620 /* bin-7.png in Resources */ = {isa = PBXBuildFile; fileRef = B7E5A4051EB28978007E9620 /* bin-7.png */; };
		B7EDF1CB1EB972EE003D013B /* MessageListTableViewController.swift in Sources */ = {isa = PBXBuildFile; fileRef = B7EDF1CA1EB972EE003D013B /* MessageListTableViewController.swift */; };
		B7EDF1CD1EBA0D3D003D013B /* MessagesTableViewCell.swift in Sources */ = {isa = PBXBuildFile; fileRef = B7EDF1CC1EBA0D3D003D013B /* MessagesTableViewCell.swift */; };
		B7EDF1D31EBA1023003D013B /* ChatViewController.swift in Sources */ = {isa = PBXBuildFile; fileRef = B7EDF1D21EBA1023003D013B /* ChatViewController.swift */; };
		B7EDF1D51EBA33D6003D013B /* MessagesHandler.swift in Sources */ = {isa = PBXBuildFile; fileRef = B7EDF1D41EBA33D6003D013B /* MessagesHandler.swift */; };
		B7FAF5531EA6DF8E0044B07B /* ProfileInitViewController.swift in Sources */ = {isa = PBXBuildFile; fileRef = B7FAF5521EA6DF8E0044B07B /* ProfileInitViewController.swift */; };
		B7FAF5591EA707650044B07B /* background_gradient.png in Resources */ = {isa = PBXBuildFile; fileRef = B7FAF5551EA707650044B07B /* background_gradient.png */; };
		B7FAF55A1EA707650044B07B /* default_user_image.png in Resources */ = {isa = PBXBuildFile; fileRef = B7FAF5561EA707650044B07B /* default_user_image.png */; };
		B7FAF55B1EA707650044B07B /* noir_big_logo.png in Resources */ = {isa = PBXBuildFile; fileRef = B7FAF5571EA707650044B07B /* noir_big_logo.png */; };
		B7FAF55C1EA707650044B07B /* noir_nav_logo.png in Resources */ = {isa = PBXBuildFile; fileRef = B7FAF5581EA707650044B07B /* noir_nav_logo.png */; };
		B7FAF55E1EA7CF010044B07B /* UsersCollectionViewController.swift in Sources */ = {isa = PBXBuildFile; fileRef = B7FAF55D1EA7CF010044B07B /* UsersCollectionViewController.swift */; };
		B7FAF5601EA7D5AB0044B07B /* UserDetailViewController.swift in Sources */ = {isa = PBXBuildFile; fileRef = B7FAF55F1EA7D5AB0044B07B /* UserDetailViewController.swift */; };
		B7FAF5621EA804520044B07B /* UsersCollectionViewCell.swift in Sources */ = {isa = PBXBuildFile; fileRef = B7FAF5611EA804520044B07B /* UsersCollectionViewCell.swift */; };
		D44DE4547BD12DFCFF970CED /* Pods_Noir.framework in Frameworks */ = {isa = PBXBuildFile; fileRef = D97992D78317D04265DE5723 /* Pods_Noir.framework */; };
/* End PBXBuildFile section */

/* Begin PBXFileReference section */
		464E6CF07B9DAFC3BD7DD176 /* Pods-Noir.release.xcconfig */ = {isa = PBXFileReference; includeInIndex = 1; lastKnownFileType = text.xcconfig; name = "Pods-Noir.release.xcconfig"; path = "Pods/Target Support Files/Pods-Noir/Pods-Noir.release.xcconfig"; sourceTree = "<group>"; };
		494AF7283E9E6AAB696EF8C1 /* Pods-ParseStarterProject-Swift.release.xcconfig */ = {isa = PBXFileReference; includeInIndex = 1; lastKnownFileType = text.xcconfig; name = "Pods-ParseStarterProject-Swift.release.xcconfig"; path = "Pods/Target Support Files/Pods-ParseStarterProject-Swift/Pods-ParseStarterProject-Swift.release.xcconfig"; sourceTree = "<group>"; };
		814C3AC71B69877600E307BB /* Base */ = {isa = PBXFileReference; lastKnownFileType = file.storyboard; name = Base; path = Base.lproj/Main.storyboard; sourceTree = "<group>"; };
		814C3AC81B69877600E307BB /* Images.xcassets */ = {isa = PBXFileReference; lastKnownFileType = folder.assetcatalog; path = Images.xcassets; sourceTree = "<group>"; };
		814C3AC91B69877600E307BB /* Info.plist */ = {isa = PBXFileReference; fileEncoding = 4; lastKnownFileType = text.plist.xml; path = Info.plist; sourceTree = "<group>"; };
		81BA81451A49DA1800E65899 /* Noir.app */ = {isa = PBXFileReference; explicitFileType = wrapper.application; includeInIndex = 0; path = Noir.app; sourceTree = BUILT_PRODUCTS_DIR; };
		81BA814A1A49DA1800E65899 /* AppDelegate.swift */ = {isa = PBXFileReference; lastKnownFileType = sourcecode.swift; path = AppDelegate.swift; sourceTree = "<group>"; };
		81BA814C1A49DA1800E65899 /* ViewController.swift */ = {isa = PBXFileReference; lastKnownFileType = sourcecode.swift; path = ViewController.swift; sourceTree = "<group>"; };
		81BA816B1A49DB6800E65899 /* Bolts.framework */ = {isa = PBXFileReference; lastKnownFileType = wrapper.framework; path = Bolts.framework; sourceTree = "<group>"; };
		81BA816C1A49DB6800E65899 /* Parse.framework */ = {isa = PBXFileReference; lastKnownFileType = wrapper.framework; path = Parse.framework; sourceTree = "<group>"; };
		81BA816E1A49DB6800E65899 /* ParseFacebookUtils.framework */ = {isa = PBXFileReference; lastKnownFileType = wrapper.framework; path = ParseFacebookUtils.framework; sourceTree = "<group>"; };
		81BA81761A49E0D500E65899 /* libsqlite3.dylib */ = {isa = PBXFileReference; lastKnownFileType = "compiled.mach-o.dylib"; name = libsqlite3.dylib; path = usr/lib/libsqlite3.dylib; sourceTree = SDKROOT; };
		81BA81781A49E0DB00E65899 /* AudioToolbox.framework */ = {isa = PBXFileReference; lastKnownFileType = wrapper.framework; name = AudioToolbox.framework; path = System/Library/Frameworks/AudioToolbox.framework; sourceTree = SDKROOT; };
		81BA817A1A49E0E500E65899 /* SystemConfiguration.framework */ = {isa = PBXFileReference; lastKnownFileType = wrapper.framework; name = SystemConfiguration.framework; path = System/Library/Frameworks/SystemConfiguration.framework; sourceTree = SDKROOT; };
		81BA817E1A49E0F000E65899 /* libstdc++.6.dylib */ = {isa = PBXFileReference; lastKnownFileType = "compiled.mach-o.dylib"; name = "libstdc++.6.dylib"; path = "usr/lib/libstdc++.6.dylib"; sourceTree = SDKROOT; };
		81BA81801A49E10C00E65899 /* ParseUI.framework */ = {isa = PBXFileReference; lastKnownFileType = wrapper.framework; path = ParseUI.framework; sourceTree = "<group>"; };
		901E471E12D617052CB7DFDE /* Pods-ParseStarterProject-Swift.debug.xcconfig */ = {isa = PBXFileReference; includeInIndex = 1; lastKnownFileType = text.xcconfig; name = "Pods-ParseStarterProject-Swift.debug.xcconfig"; path = "Pods/Target Support Files/Pods-ParseStarterProject-Swift/Pods-ParseStarterProject-Swift.debug.xcconfig"; sourceTree = "<group>"; };
		953F0B5F305387270A8AECC5 /* Pods-Noir.debug.xcconfig */ = {isa = PBXFileReference; includeInIndex = 1; lastKnownFileType = text.xcconfig; name = "Pods-Noir.debug.xcconfig"; path = "Pods/Target Support Files/Pods-Noir/Pods-Noir.debug.xcconfig"; sourceTree = "<group>"; };
		AD8062C7FF338BC70799BCB2 /* Pods_ParseStarterProject_Swift.framework */ = {isa = PBXFileReference; explicitFileType = wrapper.framework; includeInIndex = 0; path = Pods_ParseStarterProject_Swift.framework; sourceTree = BUILT_PRODUCTS_DIR; };
		B70BE63C1EAE9ED600A6729F /* GADViewController.swift */ = {isa = PBXFileReference; fileEncoding = 4; lastKnownFileType = sourcecode.swift; path = GADViewController.swift; sourceTree = "<group>"; };
		B70BE63E1EAEA29500A6729F /* GoogleService-Info.plist */ = {isa = PBXFileReference; fileEncoding = 4; lastKnownFileType = text.plist.xml; path = "GoogleService-Info.plist"; sourceTree = "<group>"; };
		B71402061EAA8030008E6CFB /* ProfileViewController.swift */ = {isa = PBXFileReference; fileEncoding = 4; lastKnownFileType = sourcecode.swift; path = ProfileViewController.swift; sourceTree = "<group>"; };
		B77452C71EC0C3D100E096D1 /* Authentication.swift */ = {isa = PBXFileReference; fileEncoding = 4; lastKnownFileType = sourcecode.swift; path = Authentication.swift; sourceTree = "<group>"; };
		B77452C91EC0DCA300E096D1 /* Database.swift */ = {isa = PBXFileReference; fileEncoding = 4; lastKnownFileType = sourcecode.swift; path = Database.swift; sourceTree = "<group>"; };
		B77452CB1EC0E0A400E096D1 /* Constants.swift */ = {isa = PBXFileReference; fileEncoding = 4; lastKnownFileType = sourcecode.swift; path = Constants.swift; sourceTree = "<group>"; };
		B77452CE1EC0EADF00E096D1 /* Member.swift */ = {isa = PBXFileReference; fileEncoding = 4; lastKnownFileType = sourcecode.swift; path = Member.swift; sourceTree = "<group>"; };
		B778BBDD1EBCD409002EE330 /* ParseStarterProject-Swift.entitlements */ = {isa = PBXFileReference; lastKnownFileType = text.plist.entitlements; path = "ParseStarterProject-Swift.entitlements"; sourceTree = "<group>"; };
		B778BBDE1EBCD416002EE330 /* StoreKit.framework */ = {isa = PBXFileReference; lastKnownFileType = wrapper.framework; name = StoreKit.framework; path = System/Library/Frameworks/StoreKit.framework; sourceTree = SDKROOT; };
		B7C829171EBE877500EFE93D /* shop-7.png */ = {isa = PBXFileReference; lastKnownFileType = image.png; name = "shop-7.png"; path = "../../../../../../Volumes/lynx/Desktop/iconbeast-lite-200 2/iconbeast lite 200 - png/shop-7.png"; sourceTree = "<group>"; };
		B7C829191EBE878700EFE93D /* shopping-cart-7.png */ = {isa = PBXFileReference; lastKnownFileType = image.png; name = "shopping-cart-7.png"; path = "../../../../../../Volumes/lynx/Desktop/iconbeast-lite-200 2/iconbeast lite 200 - png/shopping-cart-7.png"; sourceTree = "<group>"; };
		B7D9CE291EBB83E2007236A7 /* Contents.json */ = {isa = PBXFileReference; fileEncoding = 4; lastKnownFileType = text.json; path = Contents.json; sourceTree = "<group>"; };
		B7D9CE2A1EBB83E2007236A7 /* Icon-App-20x20@1x.png */ = {isa = PBXFileReference; lastKnownFileType = image.png; path = "Icon-App-20x20@1x.png"; sourceTree = "<group>"; };
		B7D9CE2B1EBB83E2007236A7 /* Icon-App-20x20@2x.png */ = {isa = PBXFileReference; lastKnownFileType = image.png; path = "Icon-App-20x20@2x.png"; sourceTree = "<group>"; };
		B7D9CE2C1EBB83E2007236A7 /* Icon-App-20x20@3x.png */ = {isa = PBXFileReference; lastKnownFileType = image.png; path = "Icon-App-20x20@3x.png"; sourceTree = "<group>"; };
		B7D9CE2D1EBB83E2007236A7 /* Icon-App-29x29@1x.png */ = {isa = PBXFileReference; lastKnownFileType = image.png; path = "Icon-App-29x29@1x.png"; sourceTree = "<group>"; };
		B7D9CE2E1EBB83E2007236A7 /* Icon-App-29x29@2x.png */ = {isa = PBXFileReference; lastKnownFileType = image.png; path = "Icon-App-29x29@2x.png"; sourceTree = "<group>"; };
		B7D9CE2F1EBB83E2007236A7 /* Icon-App-29x29@3x.png */ = {isa = PBXFileReference; lastKnownFileType = image.png; path = "Icon-App-29x29@3x.png"; sourceTree = "<group>"; };
		B7D9CE301EBB83E2007236A7 /* Icon-App-40x40@1x.png */ = {isa = PBXFileReference; lastKnownFileType = image.png; path = "Icon-App-40x40@1x.png"; sourceTree = "<group>"; };
		B7D9CE311EBB83E2007236A7 /* Icon-App-40x40@2x.png */ = {isa = PBXFileReference; lastKnownFileType = image.png; path = "Icon-App-40x40@2x.png"; sourceTree = "<group>"; };
		B7D9CE321EBB83E2007236A7 /* Icon-App-40x40@3x.png */ = {isa = PBXFileReference; lastKnownFileType = image.png; path = "Icon-App-40x40@3x.png"; sourceTree = "<group>"; };
		B7D9CE331EBB83E2007236A7 /* Icon-App-57x57@1x.png */ = {isa = PBXFileReference; lastKnownFileType = image.png; path = "Icon-App-57x57@1x.png"; sourceTree = "<group>"; };
		B7D9CE341EBB83E2007236A7 /* Icon-App-57x57@2x.png */ = {isa = PBXFileReference; lastKnownFileType = image.png; path = "Icon-App-57x57@2x.png"; sourceTree = "<group>"; };
		B7D9CE351EBB83E2007236A7 /* Icon-App-57x57@3x.png */ = {isa = PBXFileReference; lastKnownFileType = image.png; path = "Icon-App-57x57@3x.png"; sourceTree = "<group>"; };
		B7D9CE361EBB83E2007236A7 /* Icon-App-60x60@1x.png */ = {isa = PBXFileReference; lastKnownFileType = image.png; path = "Icon-App-60x60@1x.png"; sourceTree = "<group>"; };
		B7D9CE371EBB83E2007236A7 /* Icon-App-60x60@2x.png */ = {isa = PBXFileReference; lastKnownFileType = image.png; path = "Icon-App-60x60@2x.png"; sourceTree = "<group>"; };
		B7D9CE381EBB83E2007236A7 /* Icon-App-60x60@3x.png */ = {isa = PBXFileReference; lastKnownFileType = image.png; path = "Icon-App-60x60@3x.png"; sourceTree = "<group>"; };
		B7D9CE391EBB83E2007236A7 /* Icon-App-76x76@1x.png */ = {isa = PBXFileReference; lastKnownFileType = image.png; path = "Icon-App-76x76@1x.png"; sourceTree = "<group>"; };
		B7D9CE3A1EBB83E2007236A7 /* Icon-App-76x76@2x.png */ = {isa = PBXFileReference; lastKnownFileType = image.png; path = "Icon-App-76x76@2x.png"; sourceTree = "<group>"; };
		B7D9CE3B1EBB83E2007236A7 /* Icon-App-76x76@3x.png */ = {isa = PBXFileReference; lastKnownFileType = image.png; path = "Icon-App-76x76@3x.png"; sourceTree = "<group>"; };
		B7D9CE3C1EBB83E2007236A7 /* Icon-App-83.5x83.5@2x.png */ = {isa = PBXFileReference; lastKnownFileType = image.png; path = "Icon-App-83.5x83.5@2x.png"; sourceTree = "<group>"; };
		B7D9CE511EBB84D0007236A7 /* Launch Screen.storyboard */ = {isa = PBXFileReference; fileEncoding = 4; lastKnownFileType = file.storyboard; path = "Launch Screen.storyboard"; sourceTree = "<group>"; };
		B7D9CE531EBB8777007236A7 /* couple_4.jpg */ = {isa = PBXFileReference; lastKnownFileType = image.jpeg; path = couple_4.jpg; sourceTree = "<group>"; };
		B7E5A3DF1EB27CAE007E9620 /* 011.png */ = {isa = PBXFileReference; lastKnownFileType = image.png; path = 011.png; sourceTree = "<group>"; };
		B7E5A3E71EB28056007E9620 /* heart-7.png */ = {isa = PBXFileReference; lastKnownFileType = image.png; path = "heart-7.png"; sourceTree = "<group>"; };
		B7E5A3E91EB28066007E9620 /* message-7.png */ = {isa = PBXFileReference; lastKnownFileType = image.png; path = "message-7.png"; sourceTree = "<group>"; };
		B7E5A3EB1EB28081007E9620 /* pin-map-7.png */ = {isa = PBXFileReference; lastKnownFileType = image.png; path = "pin-map-7.png"; sourceTree = "<group>"; };
		B7E5A3ED1EB280DF007E9620 /* earth-america-7.png */ = {isa = PBXFileReference; lastKnownFileType = image.png; path = "earth-america-7.png"; sourceTree = "<group>"; };
		B7E5A3EF1EB28190007E9620 /* list-simple-star-7.png */ = {isa = PBXFileReference; lastKnownFileType = image.png; path = "list-simple-star-7.png"; sourceTree = "<group>"; };
		B7E5A3F11EB2878C007E9620 /* write-simple-7.png */ = {isa = PBXFileReference; lastKnownFileType = image.png; path = "write-simple-7.png"; sourceTree = "<group>"; };
		B7E5A3F31EB287C7007E9620 /* thumb-up-7.png */ = {isa = PBXFileReference; lastKnownFileType = image.png; path = "thumb-up-7.png"; sourceTree = "<group>"; };
		B7E5A3F51EB287E1007E9620 /* star-7.png */ = {isa = PBXFileReference; lastKnownFileType = image.png; path = "star-7.png"; sourceTree = "<group>"; };
		B7E5A3F71EB28826007E9620 /* photos-simple-7.png */ = {isa = PBXFileReference; lastKnownFileType = image.png; path = "photos-simple-7.png"; sourceTree = "<group>"; };
		B7E5A3F91EB28830007E9620 /* photo-7.png */ = {isa = PBXFileReference; lastKnownFileType = image.png; path = "photo-7.png"; sourceTree = "<group>"; };
		B7E5A3FB1EB288CB007E9620 /* gear-7.png */ = {isa = PBXFileReference; lastKnownFileType = image.png; path = "gear-7.png"; sourceTree = "<group>"; };
		B7E5A3FD1EB2890C007E9620 /* emoticon-sad-7.png */ = {isa = PBXFileReference; lastKnownFileType = image.png; path = "emoticon-sad-7.png"; sourceTree = "<group>"; };
		B7E5A3FE1EB2890C007E9620 /* emoticon-smile-7.png */ = {isa = PBXFileReference; lastKnownFileType = image.png; path = "emoticon-smile-7.png"; sourceTree = "<group>"; };
		B7E5A4011EB28926007E9620 /* crown-7.png */ = {isa = PBXFileReference; lastKnownFileType = image.png; path = "crown-7.png"; sourceTree = "<group>"; };
		B7E5A4031EB2893E007E9620 /* circle-x-7.png */ = {isa = PBXFileReference; lastKnownFileType = image.png; path = "circle-x-7.png"; sourceTree = "<group>"; };
		B7E5A4051EB28978007E9620 /* bin-7.png */ = {isa = PBXFileReference; lastKnownFileType = image.png; path = "bin-7.png"; sourceTree = "<group>"; };
		B7EDF1CA1EB972EE003D013B /* MessageListTableViewController.swift */ = {isa = PBXFileReference; fileEncoding = 4; lastKnownFileType = sourcecode.swift; path = MessageListTableViewController.swift; sourceTree = "<group>"; };
		B7EDF1CC1EBA0D3D003D013B /* MessagesTableViewCell.swift */ = {isa = PBXFileReference; fileEncoding = 4; lastKnownFileType = sourcecode.swift; path = MessagesTableViewCell.swift; sourceTree = "<group>"; };
		B7EDF1D21EBA1023003D013B /* ChatViewController.swift */ = {isa = PBXFileReference; fileEncoding = 4; lastKnownFileType = sourcecode.swift; path = ChatViewController.swift; sourceTree = "<group>"; };
		B7EDF1D41EBA33D6003D013B /* MessagesHandler.swift */ = {isa = PBXFileReference; fileEncoding = 4; lastKnownFileType = sourcecode.swift; path = MessagesHandler.swift; sourceTree = "<group>"; };
		B7FAF5521EA6DF8E0044B07B /* ProfileInitViewController.swift */ = {isa = PBXFileReference; fileEncoding = 4; lastKnownFileType = sourcecode.swift; path = ProfileInitViewController.swift; sourceTree = "<group>"; };
		B7FAF5551EA707650044B07B /* background_gradient.png */ = {isa = PBXFileReference; lastKnownFileType = image.png; path = background_gradient.png; sourceTree = "<group>"; };
		B7FAF5561EA707650044B07B /* default_user_image.png */ = {isa = PBXFileReference; lastKnownFileType = image.png; path = default_user_image.png; sourceTree = "<group>"; };
		B7FAF5571EA707650044B07B /* noir_big_logo.png */ = {isa = PBXFileReference; lastKnownFileType = image.png; path = noir_big_logo.png; sourceTree = "<group>"; };
		B7FAF5581EA707650044B07B /* noir_nav_logo.png */ = {isa = PBXFileReference; lastKnownFileType = image.png; path = noir_nav_logo.png; sourceTree = "<group>"; };
		B7FAF55D1EA7CF010044B07B /* UsersCollectionViewController.swift */ = {isa = PBXFileReference; fileEncoding = 4; lastKnownFileType = sourcecode.swift; path = UsersCollectionViewController.swift; sourceTree = "<group>"; };
		B7FAF55F1EA7D5AB0044B07B /* UserDetailViewController.swift */ = {isa = PBXFileReference; fileEncoding = 4; lastKnownFileType = sourcecode.swift; path = UserDetailViewController.swift; sourceTree = "<group>"; };
		B7FAF5611EA804520044B07B /* UsersCollectionViewCell.swift */ = {isa = PBXFileReference; fileEncoding = 4; lastKnownFileType = sourcecode.swift; path = UsersCollectionViewCell.swift; sourceTree = "<group>"; };
		D97992D78317D04265DE5723 /* Pods_Noir.framework */ = {isa = PBXFileReference; explicitFileType = wrapper.framework; includeInIndex = 0; path = Pods_Noir.framework; sourceTree = BUILT_PRODUCTS_DIR; };
/* End PBXFileReference section */

/* Begin PBXFrameworksBuildPhase section */
		81BA81421A49DA1800E65899 /* Frameworks */ = {
			isa = PBXFrameworksBuildPhase;
			buildActionMask = 2147483647;
			files = (
				81BA817F1A49E0F000E65899 /* libstdc++.6.dylib in Frameworks */,
				81BA817B1A49E0E500E65899 /* SystemConfiguration.framework in Frameworks */,
				81BA81791A49E0DB00E65899 /* AudioToolbox.framework in Frameworks */,
				B778BBDF1EBCD416002EE330 /* StoreKit.framework in Frameworks */,
				81BA81771A49E0D500E65899 /* libsqlite3.dylib in Frameworks */,
				81BA81711A49DB6800E65899 /* Parse.framework in Frameworks */,
				81BA81701A49DB6800E65899 /* Bolts.framework in Frameworks */,
				A82C914F081165F40870C495 /* Pods_ParseStarterProject_Swift.framework in Frameworks */,
				D44DE4547BD12DFCFF970CED /* Pods_Noir.framework in Frameworks */,
			);
			runOnlyForDeploymentPostprocessing = 0;
		};
/* End PBXFrameworksBuildPhase section */

/* Begin PBXGroup section */
		0F7DE61E274869B7133561BD /* Pods */ = {
			isa = PBXGroup;
			children = (
				901E471E12D617052CB7DFDE /* Pods-ParseStarterProject-Swift.debug.xcconfig */,
				494AF7283E9E6AAB696EF8C1 /* Pods-ParseStarterProject-Swift.release.xcconfig */,
				953F0B5F305387270A8AECC5 /* Pods-Noir.debug.xcconfig */,
				464E6CF07B9DAFC3BD7DD176 /* Pods-Noir.release.xcconfig */,
			);
			name = Pods;
			sourceTree = "<group>";
		};
		814C3AC51B69877600E307BB /* Resources */ = {
			isa = PBXGroup;
			children = (
				814C3AC81B69877600E307BB /* Images.xcassets */,
				B7D9CE281EBB83E2007236A7 /* AppIcon2.appiconset */,
				814C3AC91B69877600E307BB /* Info.plist */,
			);
			path = Resources;
			sourceTree = "<group>";
		};
		81BA813C1A49DA1800E65899 = {
			isa = PBXGroup;
			children = (
				B778BBDD1EBCD409002EE330 /* ParseStarterProject-Swift.entitlements */,
				81BA81471A49DA1800E65899 /* ParseStarterProject */,
				814C3AC51B69877600E307BB /* Resources */,
				81BA816A1A49DB5600E65899 /* Frameworks */,
				81BA81461A49DA1800E65899 /* Products */,
				0F7DE61E274869B7133561BD /* Pods */,
			);
			sourceTree = "<group>";
		};
		81BA81461A49DA1800E65899 /* Products */ = {
			isa = PBXGroup;
			children = (
				81BA81451A49DA1800E65899 /* Noir.app */,
			);
			name = Products;
			sourceTree = "<group>";
		};
		81BA81471A49DA1800E65899 /* ParseStarterProject */ = {
			isa = PBXGroup;
			children = (
				B77452CD1EC0E22F00E096D1 /* Util */,
				B77452C61EC0C3AC00E096D1 /* HelperClasses */,
				B7FAF5541EA707650044B07B /* noirImages */,
				81BA814A1A49DA1800E65899 /* AppDelegate.swift */,
				81BA814C1A49DA1800E65899 /* ViewController.swift */,
				814C3AC61B69877600E307BB /* Main.storyboard */,
				B7D9CE511EBB84D0007236A7 /* Launch Screen.storyboard */,
				B7EDF1CA1EB972EE003D013B /* MessageListTableViewController.swift */,
				B7EDF1CC1EBA0D3D003D013B /* MessagesTableViewCell.swift */,
				B70BE63C1EAE9ED600A6729F /* GADViewController.swift */,
				B7FAF5611EA804520044B07B /* UsersCollectionViewCell.swift */,
				B7FAF55D1EA7CF010044B07B /* UsersCollectionViewController.swift */,
				B7EDF1D21EBA1023003D013B /* ChatViewController.swift */,
				B7FAF5521EA6DF8E0044B07B /* ProfileInitViewController.swift */,
				B71402061EAA8030008E6CFB /* ProfileViewController.swift */,
				B7FAF55F1EA7D5AB0044B07B /* UserDetailViewController.swift */,
				B70BE63E1EAEA29500A6729F /* GoogleService-Info.plist */,
			);
			path = ParseStarterProject;
			sourceTree = "<group>";
		};
		81BA816A1A49DB5600E65899 /* Frameworks */ = {
			isa = PBXGroup;
			children = (
				B778BBDE1EBCD416002EE330 /* StoreKit.framework */,
				81BA816B1A49DB6800E65899 /* Bolts.framework */,
				81BA816C1A49DB6800E65899 /* Parse.framework */,
				81BA816E1A49DB6800E65899 /* ParseFacebookUtils.framework */,
				81BA81801A49E10C00E65899 /* ParseUI.framework */,
				81BA81751A49E0C500E65899 /* System Frameworks */,
				AD8062C7FF338BC70799BCB2 /* Pods_ParseStarterProject_Swift.framework */,
				D97992D78317D04265DE5723 /* Pods_Noir.framework */,
			);
			name = Frameworks;
			sourceTree = "<group>";
		};
		81BA81751A49E0C500E65899 /* System Frameworks */ = {
			isa = PBXGroup;
			children = (
				81BA817E1A49E0F000E65899 /* libstdc++.6.dylib */,
				81BA817A1A49E0E500E65899 /* SystemConfiguration.framework */,
				81BA81781A49E0DB00E65899 /* AudioToolbox.framework */,
				81BA81761A49E0D500E65899 /* libsqlite3.dylib */,
			);
			name = "System Frameworks";
			sourceTree = "<group>";
		};
		B77452C61EC0C3AC00E096D1 /* HelperClasses */ = {
			isa = PBXGroup;
			children = (
				B7EDF1D41EBA33D6003D013B /* MessagesHandler.swift */,
				B77452C71EC0C3D100E096D1 /* Authentication.swift */,
				B77452C91EC0DCA300E096D1 /* Database.swift */,
				B77452CE1EC0EADF00E096D1 /* Member.swift */,
			);
			name = HelperClasses;
			sourceTree = "<group>";
		};
		B77452CD1EC0E22F00E096D1 /* Util */ = {
			isa = PBXGroup;
			children = (
				B77452CB1EC0E0A400E096D1 /* Constants.swift */,
			);
			name = Util;
			sourceTree = "<group>";
		};
		B7D9CE281EBB83E2007236A7 /* AppIcon2.appiconset */ = {
			isa = PBXGroup;
			children = (
				B7D9CE291EBB83E2007236A7 /* Contents.json */,
				B7D9CE2A1EBB83E2007236A7 /* Icon-App-20x20@1x.png */,
				B7D9CE2B1EBB83E2007236A7 /* Icon-App-20x20@2x.png */,
				B7D9CE2C1EBB83E2007236A7 /* Icon-App-20x20@3x.png */,
				B7D9CE2D1EBB83E2007236A7 /* Icon-App-29x29@1x.png */,
				B7D9CE2E1EBB83E2007236A7 /* Icon-App-29x29@2x.png */,
				B7D9CE2F1EBB83E2007236A7 /* Icon-App-29x29@3x.png */,
				B7D9CE301EBB83E2007236A7 /* Icon-App-40x40@1x.png */,
				B7D9CE311EBB83E2007236A7 /* Icon-App-40x40@2x.png */,
				B7D9CE321EBB83E2007236A7 /* Icon-App-40x40@3x.png */,
				B7D9CE331EBB83E2007236A7 /* Icon-App-57x57@1x.png */,
				B7D9CE341EBB83E2007236A7 /* Icon-App-57x57@2x.png */,
				B7D9CE351EBB83E2007236A7 /* Icon-App-57x57@3x.png */,
				B7D9CE361EBB83E2007236A7 /* Icon-App-60x60@1x.png */,
				B7D9CE371EBB83E2007236A7 /* Icon-App-60x60@2x.png */,
				B7D9CE381EBB83E2007236A7 /* Icon-App-60x60@3x.png */,
				B7D9CE391EBB83E2007236A7 /* Icon-App-76x76@1x.png */,
				B7D9CE3A1EBB83E2007236A7 /* Icon-App-76x76@2x.png */,
				B7D9CE3B1EBB83E2007236A7 /* Icon-App-76x76@3x.png */,
				B7D9CE3C1EBB83E2007236A7 /* Icon-App-83.5x83.5@2x.png */,
			);
			path = AppIcon2.appiconset;
			sourceTree = "<group>";
		};
		B7FAF5541EA707650044B07B /* noirImages */ = {
			isa = PBXGroup;
			children = (
				B7E5A3DF1EB27CAE007E9620 /* 011.png */,
				B7E5A3F11EB2878C007E9620 /* write-simple-7.png */,
				B7E5A3E71EB28056007E9620 /* heart-7.png */,
				B7E5A3F31EB287C7007E9620 /* thumb-up-7.png */,
				B7E5A3EF1EB28190007E9620 /* list-simple-star-7.png */,
				B7C829191EBE878700EFE93D /* shopping-cart-7.png */,
				B7E5A4051EB28978007E9620 /* bin-7.png */,
				B7E5A4031EB2893E007E9620 /* circle-x-7.png */,
				B7E5A3ED1EB280DF007E9620 /* earth-america-7.png */,
				B7E5A3F91EB28830007E9620 /* photo-7.png */,
				B7E5A3F71EB28826007E9620 /* photos-simple-7.png */,
				B7E5A3F51EB287E1007E9620 /* star-7.png */,
				B7E5A3FB1EB288CB007E9620 /* gear-7.png */,
				B7E5A3EB1EB28081007E9620 /* pin-map-7.png */,
				B7C829171EBE877500EFE93D /* shop-7.png */,
				B7E5A4011EB28926007E9620 /* crown-7.png */,
				B7E5A3E91EB28066007E9620 /* message-7.png */,
				B7FAF5551EA707650044B07B /* background_gradient.png */,
				B7FAF5561EA707650044B07B /* default_user_image.png */,
				B7E5A3FD1EB2890C007E9620 /* emoticon-sad-7.png */,
				B7E5A3FE1EB2890C007E9620 /* emoticon-smile-7.png */,
				B7D9CE531EBB8777007236A7 /* couple_4.jpg */,
				B7FAF5571EA707650044B07B /* noir_big_logo.png */,
				B7FAF5581EA707650044B07B /* noir_nav_logo.png */,
			);
			path = noirImages;
			sourceTree = "<group>";
		};
/* End PBXGroup section */

/* Begin PBXNativeTarget section */
		81BA81441A49DA1800E65899 /* Noir */ = {
			isa = PBXNativeTarget;
			buildConfigurationList = 81BA81641A49DA1800E65899 /* Build configuration list for PBXNativeTarget "Noir" */;
			buildPhases = (
				9E3FFC994FC6FD36B0535975 /* [CP] Check Pods Manifest.lock */,
				81BA81411A49DA1800E65899 /* Sources */,
				81BA81421A49DA1800E65899 /* Frameworks */,
				81BA81431A49DA1800E65899 /* Resources */,
				4FE9AB898152887E1A758B03 /* [CP] Embed Pods Frameworks */,
				A4EB8CD83EAE49499FE50F27 /* [CP] Copy Pods Resources */,
			);
			buildRules = (
			);
			dependencies = (
			);
			name = Noir;
			productName = ParseStarterProject;
			productReference = 81BA81451A49DA1800E65899 /* Noir.app */;
			productType = "com.apple.product-type.application";
		};
/* End PBXNativeTarget section */

/* Begin PBXProject section */
		81BA813D1A49DA1800E65899 /* Project object */ = {
			isa = PBXProject;
			attributes = {
				LastSwiftUpdateCheck = 0700;
				LastUpgradeCheck = 0830;
				ORGANIZATIONNAME = "Savage Code";
				TargetAttributes = {
					81BA81441A49DA1800E65899 = {
						CreatedOnToolsVersion = 6.1.1;
						DevelopmentTeam = Y48X6YTBV7;
						LastSwiftMigration = 0800;
						SystemCapabilities = {
							com.apple.InAppPurchase = {
								enabled = 1;
							};
							com.apple.Push = {
								enabled = 1;
							};
						};
					};
				};
			};
			buildConfigurationList = 81BA81401A49DA1800E65899 /* Build configuration list for PBXProject "Noir" */;
			compatibilityVersion = "Xcode 3.2";
			developmentRegion = English;
			hasScannedForEncodings = 0;
			knownRegions = (
				en,
				Base,
			);
			mainGroup = 81BA813C1A49DA1800E65899;
			productRefGroup = 81BA81461A49DA1800E65899 /* Products */;
			projectDirPath = "";
			projectRoot = "";
			targets = (
				81BA81441A49DA1800E65899 /* Noir */,
			);
		};
/* End PBXProject section */

/* Begin PBXResourcesBuildPhase section */
		81BA81431A49DA1800E65899 /* Resources */ = {
			isa = PBXResourcesBuildPhase;
			buildActionMask = 2147483647;
			files = (
				B7E5A4041EB2893E007E9620 /* circle-x-7.png in Resources */,
				B7E5A3EC1EB28081007E9620 /* pin-map-7.png in Resources */,
				B7D9CE481EBB83E2007236A7 /* Icon-App-57x57@2x.png in Resources */,
				B7D9CE521EBB84D0007236A7 /* Launch Screen.storyboard in Resources */,
				B7E5A3F41EB287C7007E9620 /* thumb-up-7.png in Resources */,
				B7E5A3EE1EB280DF007E9620 /* earth-america-7.png in Resources */,
				B7E5A3E81EB28056007E9620 /* heart-7.png in Resources */,
				B7D9CE3D1EBB83E2007236A7 /* Contents.json in Resources */,
				B7FAF55B1EA707650044B07B /* noir_big_logo.png in Resources */,
				B7C8291A1EBE878700EFE93D /* shopping-cart-7.png in Resources */,
				B7D9CE4D1EBB83E2007236A7 /* Icon-App-76x76@1x.png in Resources */,
				B7FAF5591EA707650044B07B /* background_gradient.png in Resources */,
				B7D9CE501EBB83E2007236A7 /* Icon-App-83.5x83.5@2x.png in Resources */,
				B7C829181EBE877500EFE93D /* shop-7.png in Resources */,
				B7E5A3F21EB2878C007E9620 /* write-simple-7.png in Resources */,
				B7FAF55C1EA707650044B07B /* noir_nav_logo.png in Resources */,
				B7D9CE4C1EBB83E2007236A7 /* Icon-App-60x60@3x.png in Resources */,
				B7E5A3FF1EB2890C007E9620 /* emoticon-sad-7.png in Resources */,
				814C3ACA1B69877600E307BB /* Main.storyboard in Resources */,
				B7E5A3FC1EB288CB007E9620 /* gear-7.png in Resources */,
				B7D9CE541EBB8777007236A7 /* couple_4.jpg in Resources */,
				B7D9CE461EBB83E2007236A7 /* Icon-App-40x40@3x.png in Resources */,
				B7D9CE4B1EBB83E2007236A7 /* Icon-App-60x60@2x.png in Resources */,
				B7D9CE3E1EBB83E2007236A7 /* Icon-App-20x20@1x.png in Resources */,
				B7E5A3EA1EB28066007E9620 /* message-7.png in Resources */,
				B7D9CE451EBB83E2007236A7 /* Icon-App-40x40@2x.png in Resources */,
				B7D9CE411EBB83E2007236A7 /* Icon-App-29x29@1x.png in Resources */,
				B7FAF55A1EA707650044B07B /* default_user_image.png in Resources */,
				B7E5A3F61EB287E1007E9620 /* star-7.png in Resources */,
				B7E5A3FA1EB28830007E9620 /* photo-7.png in Resources */,
				B7E5A4021EB28926007E9620 /* crown-7.png in Resources */,
				B7D9CE421EBB83E2007236A7 /* Icon-App-29x29@2x.png in Resources */,
				B7D9CE441EBB83E2007236A7 /* Icon-App-40x40@1x.png in Resources */,
				B7E5A4061EB28978007E9620 /* bin-7.png in Resources */,
				B7E5A3F01EB28190007E9620 /* list-simple-star-7.png in Resources */,
				B7D9CE4A1EBB83E2007236A7 /* Icon-App-60x60@1x.png in Resources */,
				B7E5A3E01EB27CAE007E9620 /* 011.png in Resources */,
				B7D9CE471EBB83E2007236A7 /* Icon-App-57x57@1x.png in Resources */,
				B7D9CE431EBB83E2007236A7 /* Icon-App-29x29@3x.png in Resources */,
				814C3ACB1B69877600E307BB /* Images.xcassets in Resources */,
				B7D9CE401EBB83E2007236A7 /* Icon-App-20x20@3x.png in Resources */,
				B7D9CE3F1EBB83E2007236A7 /* Icon-App-20x20@2x.png in Resources */,
				B7D9CE4F1EBB83E2007236A7 /* Icon-App-76x76@3x.png in Resources */,
				B70BE63F1EAEA29500A6729F /* GoogleService-Info.plist in Resources */,
				B7D9CE4E1EBB83E2007236A7 /* Icon-App-76x76@2x.png in Resources */,
				B7D9CE491EBB83E2007236A7 /* Icon-App-57x57@3x.png in Resources */,
				B7E5A3F81EB28826007E9620 /* photos-simple-7.png in Resources */,
				B7E5A4001EB2890C007E9620 /* emoticon-smile-7.png in Resources */,
			);
			runOnlyForDeploymentPostprocessing = 0;
		};
/* End PBXResourcesBuildPhase section */

/* Begin PBXShellScriptBuildPhase section */
		4FE9AB898152887E1A758B03 /* [CP] Embed Pods Frameworks */ = {
			isa = PBXShellScriptBuildPhase;
			buildActionMask = 2147483647;
			files = (
			);
			inputPaths = (
			);
			name = "[CP] Embed Pods Frameworks";
			outputPaths = (
			);
			runOnlyForDeploymentPostprocessing = 0;
			shellPath = /bin/sh;
			shellScript = "\"${SRCROOT}/Pods/Target Support Files/Pods-Noir/Pods-Noir-frameworks.sh\"\n";
			showEnvVarsInLog = 0;
		};
		9E3FFC994FC6FD36B0535975 /* [CP] Check Pods Manifest.lock */ = {
			isa = PBXShellScriptBuildPhase;
			buildActionMask = 2147483647;
			files = (
			);
			inputPaths = (
			);
			name = "[CP] Check Pods Manifest.lock";
			outputPaths = (
			);
			runOnlyForDeploymentPostprocessing = 0;
			shellPath = /bin/sh;
			shellScript = "diff \"${PODS_PODFILE_DIR_PATH}/Podfile.lock\" \"${PODS_ROOT}/Manifest.lock\" > /dev/null\nif [ $? != 0 ] ; then\n    # print error to STDERR\n    echo \"error: The sandbox is not in sync with the Podfile.lock. Run 'pod install' or update your CocoaPods installation.\" >&2\n    exit 1\nfi\n";
			showEnvVarsInLog = 0;
		};
		A4EB8CD83EAE49499FE50F27 /* [CP] Copy Pods Resources */ = {
			isa = PBXShellScriptBuildPhase;
			buildActionMask = 2147483647;
			files = (
			);
			inputPaths = (
			);
			name = "[CP] Copy Pods Resources";
			outputPaths = (
			);
			runOnlyForDeploymentPostprocessing = 0;
			shellPath = /bin/sh;
			shellScript = "\"${SRCROOT}/Pods/Target Support Files/Pods-Noir/Pods-Noir-resources.sh\"\n";
			showEnvVarsInLog = 0;
		};
/* End PBXShellScriptBuildPhase section */

/* Begin PBXSourcesBuildPhase section */
		81BA81411A49DA1800E65899 /* Sources */ = {
			isa = PBXSourcesBuildPhase;
			buildActionMask = 2147483647;
			files = (
				81BA814D1A49DA1800E65899 /* ViewController.swift in Sources */,
				B7FAF5601EA7D5AB0044B07B /* UserDetailViewController.swift in Sources */,
				B7EDF1D31EBA1023003D013B /* ChatViewController.swift in Sources */,
				81BA814B1A49DA1800E65899 /* AppDelegate.swift in Sources */,
				B77452C81EC0C3D100E096D1 /* Authentication.swift in Sources */,
				B77452CC1EC0E0A400E096D1 /* Constants.swift in Sources */,
				B7FAF5531EA6DF8E0044B07B /* ProfileInitViewController.swift in Sources */,
				B7EDF1CB1EB972EE003D013B /* MessageListTableViewController.swift in Sources */,
				B7EDF1D51EBA33D6003D013B /* MessagesHandler.swift in Sources */,
				B71402071EAA8030008E6CFB /* ProfileViewController.swift in Sources */,
				B70BE63D1EAE9ED600A6729F /* GADViewController.swift in Sources */,
				B7EDF1CD1EBA0D3D003D013B /* MessagesTableViewCell.swift in Sources */,
				B7FAF55E1EA7CF010044B07B /* UsersCollectionViewController.swift in Sources */,
				B77452CA1EC0DCA300E096D1 /* Database.swift in Sources */,
				B7FAF5621EA804520044B07B /* UsersCollectionViewCell.swift in Sources */,
				B77452CF1EC0EADF00E096D1 /* Member.swift in Sources */,
			);
			runOnlyForDeploymentPostprocessing = 0;
		};
/* End PBXSourcesBuildPhase section */

/* Begin PBXVariantGroup section */
		814C3AC61B69877600E307BB /* Main.storyboard */ = {
			isa = PBXVariantGroup;
			children = (
				814C3AC71B69877600E307BB /* Base */,
			);
			name = Main.storyboard;
			path = ../Resources;
			sourceTree = "<group>";
		};
/* End PBXVariantGroup section */

/* Begin XCBuildConfiguration section */
		81BA81621A49DA1800E65899 /* Debug */ = {
			isa = XCBuildConfiguration;
			buildSettings = {
				ALWAYS_SEARCH_USER_PATHS = NO;
				CLANG_CXX_LANGUAGE_STANDARD = "gnu++0x";
				CLANG_CXX_LIBRARY = "libc++";
				CLANG_ENABLE_MODULES = YES;
				CLANG_ENABLE_OBJC_ARC = YES;
				CLANG_WARN_BOOL_CONVERSION = YES;
				CLANG_WARN_CONSTANT_CONVERSION = YES;
				CLANG_WARN_DIRECT_OBJC_ISA_USAGE = YES_ERROR;
				CLANG_WARN_EMPTY_BODY = YES;
				CLANG_WARN_ENUM_CONVERSION = YES;
				CLANG_WARN_INFINITE_RECURSION = YES;
				CLANG_WARN_INT_CONVERSION = YES;
				CLANG_WARN_OBJC_ROOT_CLASS = YES_ERROR;
				CLANG_WARN_SUSPICIOUS_MOVE = YES;
				CLANG_WARN_UNREACHABLE_CODE = YES;
				CLANG_WARN__DUPLICATE_METHOD_MATCH = YES;
				"CODE_SIGN_IDENTITY[sdk=iphoneos*]" = "iPhone Developer";
				COPY_PHASE_STRIP = NO;
				ENABLE_STRICT_OBJC_MSGSEND = YES;
				ENABLE_TESTABILITY = YES;
				GCC_C_LANGUAGE_STANDARD = gnu99;
				GCC_DYNAMIC_NO_PIC = NO;
				GCC_NO_COMMON_BLOCKS = YES;
				GCC_OPTIMIZATION_LEVEL = 0;
				GCC_PREPROCESSOR_DEFINITIONS = (
					"DEBUG=1",
					"$(inherited)",
				);
				GCC_SYMBOLS_PRIVATE_EXTERN = NO;
				GCC_WARN_64_TO_32_BIT_CONVERSION = YES;
				GCC_WARN_ABOUT_RETURN_TYPE = YES_ERROR;
				GCC_WARN_UNDECLARED_SELECTOR = YES;
				GCC_WARN_UNINITIALIZED_AUTOS = YES_AGGRESSIVE;
				GCC_WARN_UNUSED_FUNCTION = YES;
				GCC_WARN_UNUSED_VARIABLE = YES;
				IPHONEOS_DEPLOYMENT_TARGET = 8.0;
				MTL_ENABLE_DEBUG_INFO = YES;
				ONLY_ACTIVE_ARCH = YES;
				SDKROOT = iphoneos;
				SWIFT_OPTIMIZATION_LEVEL = "-Onone";
				TARGETED_DEVICE_FAMILY = "1,2";
			};
			name = Debug;
		};
		81BA81631A49DA1800E65899 /* Release */ = {
			isa = XCBuildConfiguration;
			buildSettings = {
				ALWAYS_SEARCH_USER_PATHS = NO;
				CLANG_CXX_LANGUAGE_STANDARD = "gnu++0x";
				CLANG_CXX_LIBRARY = "libc++";
				CLANG_ENABLE_MODULES = YES;
				CLANG_ENABLE_OBJC_ARC = YES;
				CLANG_WARN_BOOL_CONVERSION = YES;
				CLANG_WARN_CONSTANT_CONVERSION = YES;
				CLANG_WARN_DIRECT_OBJC_ISA_USAGE = YES_ERROR;
				CLANG_WARN_EMPTY_BODY = YES;
				CLANG_WARN_ENUM_CONVERSION = YES;
				CLANG_WARN_INFINITE_RECURSION = YES;
				CLANG_WARN_INT_CONVERSION = YES;
				CLANG_WARN_OBJC_ROOT_CLASS = YES_ERROR;
				CLANG_WARN_SUSPICIOUS_MOVE = YES;
				CLANG_WARN_UNREACHABLE_CODE = YES;
				CLANG_WARN__DUPLICATE_METHOD_MATCH = YES;
				"CODE_SIGN_IDENTITY[sdk=iphoneos*]" = "iPhone Developer";
				COPY_PHASE_STRIP = YES;
				ENABLE_NS_ASSERTIONS = NO;
				ENABLE_STRICT_OBJC_MSGSEND = YES;
				GCC_C_LANGUAGE_STANDARD = gnu99;
				GCC_NO_COMMON_BLOCKS = YES;
				GCC_WARN_64_TO_32_BIT_CONVERSION = YES;
				GCC_WARN_ABOUT_RETURN_TYPE = YES_ERROR;
				GCC_WARN_UNDECLARED_SELECTOR = YES;
				GCC_WARN_UNINITIALIZED_AUTOS = YES_AGGRESSIVE;
				GCC_WARN_UNUSED_FUNCTION = YES;
				GCC_WARN_UNUSED_VARIABLE = YES;
				IPHONEOS_DEPLOYMENT_TARGET = 8.0;
				MTL_ENABLE_DEBUG_INFO = NO;
				SDKROOT = iphoneos;
				TARGETED_DEVICE_FAMILY = "1,2";
				VALIDATE_PRODUCT = YES;
			};
			name = Release;
		};
		81BA81651A49DA1800E65899 /* Debug */ = {
			isa = XCBuildConfiguration;
			baseConfigurationReference = 953F0B5F305387270A8AECC5 /* Pods-Noir.debug.xcconfig */;
			buildSettings = {
				ASSETCATALOG_COMPILER_APPICON_NAME = AppIcon;
				CODE_SIGN_ENTITLEMENTS = "ParseStarterProject-Swift.entitlements";
				DEVELOPMENT_TEAM = Y48X6YTBV7;
				FRAMEWORK_SEARCH_PATHS = (
					"$(inherited)",
					"$(PROJECT_DIR)",
				);
				INFOPLIST_FILE = Resources/Info.plist;
				IPHONEOS_DEPLOYMENT_TARGET = 10.3;
				LD_RUNPATH_SEARCH_PATHS = "$(inherited) @executable_path/Frameworks";
				PRODUCT_BUNDLE_IDENTIFIER = "com.savage-code.Noir";
				PRODUCT_NAME = Noir;
				SWIFT_VERSION = 3.0;
				TARGETED_DEVICE_FAMILY = "1,2";
			};
			name = Debug;
		};
		81BA81661A49DA1800E65899 /* Release */ = {
			isa = XCBuildConfiguration;
			baseConfigurationReference = 464E6CF07B9DAFC3BD7DD176 /* Pods-Noir.release.xcconfig */;
			buildSettings = {
				ASSETCATALOG_COMPILER_APPICON_NAME = AppIcon;
				CODE_SIGN_ENTITLEMENTS = "ParseStarterProject-Swift.entitlements";
				DEVELOPMENT_TEAM = Y48X6YTBV7;
				FRAMEWORK_SEARCH_PATHS = (
					"$(inherited)",
					"$(PROJECT_DIR)",
				);
				INFOPLIST_FILE = Resources/Info.plist;
				IPHONEOS_DEPLOYMENT_TARGET = 10.3;
				LD_RUNPATH_SEARCH_PATHS = "$(inherited) @executable_path/Frameworks";
				PRODUCT_BUNDLE_IDENTIFIER = "com.savage-code.Noir";
				PRODUCT_NAME = Noir;
				SWIFT_OPTIMIZATION_LEVEL = "-Owholemodule";
				SWIFT_VERSION = 3.0;
				TARGETED_DEVICE_FAMILY = "1,2";
			};
			name = Release;
		};
/* End XCBuildConfiguration section */

/* Begin XCConfigurationList section */
		81BA81401A49DA1800E65899 /* Build configuration list for PBXProject "Noir" */ = {
			isa = XCConfigurationList;
			buildConfigurations = (
				81BA81621A49DA1800E65899 /* Debug */,
				81BA81631A49DA1800E65899 /* Release */,
			);
			defaultConfigurationIsVisible = 0;
			defaultConfigurationName = Release;
		};
		81BA81641A49DA1800E65899 /* Build configuration list for PBXNativeTarget "Noir" */ = {
			isa = XCConfigurationList;
			buildConfigurations = (
				81BA81651A49DA1800E65899 /* Debug */,
				81BA81661A49DA1800E65899 /* Release */,
			);
			defaultConfigurationIsVisible = 0;
			defaultConfigurationName = Release;
		};
/* End XCConfigurationList section */
	};
	rootObject = 81BA813D1A49DA1800E65899 /* Project object */;
}
